
Microsoft Visual Studio Solution File, Format Version 12.00
# Visual Studio Version 17
VisualStudioVersion = 17.10.35013.160
MinimumVisualStudioVersion = 10.0.40219.1
Project("{9A19103F-16F7-4668-BE54-9A1E7A4F7556}") = "MarkteApp.Backend", "MarkteApp.Backend\MarkteApp.Backend.csproj", "{9AC1F575-6D03-42B5-A91E-DBE9ED631BA8}"
EndProject
Project("{9A19103F-16F7-4668-BE54-9A1E7A4F7556}") = "Dashbord", "Dashbord\Dashbord.csproj", "{F1EEC2A3-F333-4B6C-9C2E-B1D5F7F5EB52}"
EndProject
Project("{9A19103F-16F7-4668-BE54-9A1E7A4F7556}") = "MarketApp.Shered", "MarketApp.Shered\MarketApp.Shered.csproj", "{84BC7706-7039-4A48-AD37-3C70A1847A23}"
EndProject
Project("{FAE04EC0-301F-11D3-BF4B-00C04F79EFBC}") = "EndUser", "EndUser\EndUser.csproj", "{EC206D82-6FDE-4983-ADA4-ECE83F4DB395}"
EndProject
Global
	GlobalSection(SolutionConfigurationPlatforms) = preSolution
		Debug|Any CPU = Debug|Any CPU
		Release|Any CPU = Release|Any CPU
	EndGlobalSection
	GlobalSection(ProjectConfigurationPlatforms) = postSolution
		{9AC1F575-6D03-42B5-A91E-DBE9ED631BA8}.Debug|Any CPU.ActiveCfg = Debug|Any CPU
		{9AC1F575-6D03-42B5-A91E-DBE9ED631BA8}.Debug|Any CPU.Build.0 = Debug|Any CPU
		{9AC1F575-6D03-42B5-A91E-DBE9ED631BA8}.Release|Any CPU.ActiveCfg = Release|Any CPU
		{9AC1F575-6D03-42B5-A91E-DBE9ED631BA8}.Release|Any CPU.Build.0 = Release|Any CPU
		{F1EEC2A3-F333-4B6C-9C2E-B1D5F7F5EB52}.Debug|Any CPU.ActiveCfg = Debug|Any CPU
		{F1EEC2A3-F333-4B6C-9C2E-B1D5F7F5EB52}.Debug|Any CPU.Build.0 = Debug|Any CPU
		{F1EEC2A3-F333-4B6C-9C2E-B1D5F7F5EB52}.Debug|Any CPU.Deploy.0 = Debug|Any CPU
		{F1EEC2A3-F333-4B6C-9C2E-B1D5F7F5EB52}.Release|Any CPU.ActiveCfg = Release|Any CPU
		{F1EEC2A3-F333-4B6C-9C2E-B1D5F7F5EB52}.Release|Any CPU.Build.0 = Release|Any CPU
		{F1EEC2A3-F333-4B6C-9C2E-B1D5F7F5EB52}.Release|Any CPU.Deploy.0 = Release|Any CPU
		{84BC7706-7039-4A48-AD37-3C70A1847A23}.Debug|Any CPU.ActiveCfg = Debug|Any CPU
		{84BC7706-7039-4A48-AD37-3C70A1847A23}.Debug|Any CPU.Build.0 = Debug|Any CPU
		{84BC7706-7039-4A48-AD37-3C70A1847A23}.Release|Any CPU.ActiveCfg = Release|Any CPU
		{84BC7706-7039-4A48-AD37-3C70A1847A23}.Release|Any CPU.Build.0 = Release|Any CPU
		{EC206D82-6FDE-4983-ADA4-ECE83F4DB395}.Debug|Any CPU.ActiveCfg = Debug|Any CPU
		{EC206D82-6FDE-4983-ADA4-ECE83F4DB395}.Debug|Any CPU.Build.0 = Debug|Any CPU
		{EC206D82-6FDE-4983-ADA4-ECE83F4DB395}.Debug|Any CPU.Deploy.0 = Debug|Any CPU
		{EC206D82-6FDE-4983-ADA4-ECE83F4DB395}.Release|Any CPU.ActiveCfg = Release|Any CPU
		{EC206D82-6FDE-4983-ADA4-ECE83F4DB395}.Release|Any CPU.Build.0 = Release|Any CPU
		{EC206D82-6FDE-4983-ADA4-ECE83F4DB395}.Release|Any CPU.Deploy.0 = Release|Any CPU
	EndGlobalSection
	GlobalSection(SolutionProperties) = preSolution
		HideSolutionNode = FALSE
	EndGlobalSection
	GlobalSection(ExtensibilityGlobals) = postSolution
		SolutionGuid = {C665BA58-514F-43C1-87F1-A37DAEA8A90A}
	EndGlobalSection
EndGlobal
